go.foxforensics.eu/go-mmap v1.0.0 h1:0rpRaoAF0DnqN07Hkd+JQref28fdCOrX6wQEALHgMpg=
go.foxforensics.eu/go-mmap v1.0.0/go.mod h1:NACaG/H+bLx5IMVTQfmqTHm4DYMZj4MIvc8Lwm6iVwY=
golang.org/x/sys v0.46.0 h1:noSf2Fq6F8DBgS+LysIkx7rIExoNHJsxOAtPp4rthXw=
golang.org/x/sys v0.46.0/go.mod h1:4GL1E5IUh+htKOUEOaiffhrAeqysfVGipDYzABqnCmw=
